
Microsoft Visual Studio Solution File, Format Version 12.00
# Visual Studio 2015
Project("{FAE04EC0-301F-11D3-BF4B-00C04F79EFBC}") = "buttonsample1.CSharp.Plugins", "buttonsample1.CSharp.Plugins.csproj", "{D3221D22-98BF-71E7-02F1-14D3A4DA8EE4}"
EndProject
Project("{FAE04EC0-301F-11D3-BF4B-00C04F79EFBC}") = "buttonsample1.CSharp", "buttonsample1.CSharp.csproj", "{493B6891-DA05-7503-9B28-1E54E3E13E25}"
EndProject
Global
	GlobalSection(SolutionConfigurationPlatforms) = preSolution
		Debug|Any CPU = Debug|Any CPU
		Release|Any CPU = Release|Any CPU
	EndGlobalSection
	GlobalSection(ProjectConfigurationPlatforms) = postSolution
		{D3221D22-98BF-71E7-02F1-14D3A4DA8EE4}.Debug|Any CPU.ActiveCfg = Debug|Any CPU
		{D3221D22-98BF-71E7-02F1-14D3A4DA8EE4}.Debug|Any CPU.Build.0 = Debug|Any CPU
		{D3221D22-98BF-71E7-02F1-14D3A4DA8EE4}.Release|Any CPU.ActiveCfg = Release|Any CPU
		{D3221D22-98BF-71E7-02F1-14D3A4DA8EE4}.Release|Any CPU.Build.0 = Release|Any CPU
		{493B6891-DA05-7503-9B28-1E54E3E13E25}.Debug|Any CPU.ActiveCfg = Debug|Any CPU
		{493B6891-DA05-7503-9B28-1E54E3E13E25}.Debug|Any CPU.Build.0 = Debug|Any CPU
		{493B6891-DA05-7503-9B28-1E54E3E13E25}.Release|Any CPU.ActiveCfg = Release|Any CPU
		{493B6891-DA05-7503-9B28-1E54E3E13E25}.Release|Any CPU.Build.0 = Release|Any CPU
	EndGlobalSection
	GlobalSection(SolutionProperties) = preSolution
		HideSolutionNode = FALSE
	EndGlobalSection
EndGlobal
